
Microsoft Visual Studio Solution File, Format Version 12.00
# Visual Studio Version 16
VisualStudioVersion = 16.0.29728.190
MinimumVisualStudioVersion = 10.0.40219.1
Project("{9A19103F-16F7-4668-BE54-9A1E7A4F7556}") = "github-issue-tracker", "github-issue-tracker.csproj", "{DAE7B320-CB2D-44B6-949F-E05711D878D0}"
EndProject
Global
	GlobalSection(SolutionConfigurationPlatforms) = preSolution
		Debug|Any CPU = Debug|Any CPU
		Release|Any CPU = Release|Any CPU
	EndGlobalSection
	GlobalSection(ProjectConfigurationPlatforms) = postSolution
		{DAE7B320-CB2D-44B6-949F-E05711D878D0}.Debug|Any CPU.ActiveCfg = Debug|Any CPU
		{DAE7B320-CB2D-44B6-949F-E05711D878D0}.Debug|Any CPU.Build.0 = Debug|Any CPU
		{DAE7B320-CB2D-44B6-949F-E05711D878D0}.Release|Any CPU.ActiveCfg = Release|Any CPU
		{DAE7B320-CB2D-44B6-949F-E05711D878D0}.Release|Any CPU.Build.0 = Release|Any CPU
	EndGlobalSection
	GlobalSection(SolutionProperties) = preSolution
		HideSolutionNode = FALSE
	EndGlobalSection
	GlobalSection(ExtensibilityGlobals) = postSolution
		SolutionGuid = {3921072E-2A4F-4CA5-A33B-4D94C04C64B4}
	EndGlobalSection
EndGlobal
